
Microsoft Visual Studio Solution File, Format Version 12.00
# Visual Studio Version 17
VisualStudioVersion = 17.5.33516.290
MinimumVisualStudioVersion = 10.0.40219.1
Project("{FAE04EC0-301F-11D3-BF4B-00C04F79EFBC}") = "BrickOwlSharp.Demos", "BrickOwlSharp.Demos\BrickOwlSharp.Demos.csproj", "{B4FABD83-76A8-4658-AF01-701DF7737EB7}"
EndProject
Project("{FAE04EC0-301F-11D3-BF4B-00C04F79EFBC}") = "BrickOwlSharp.Client", "BrickOwlSharp.Client\BrickOwlSharp.Client.csproj", "{1E70AB31-F7D8-40D2-BE4C-4DF36E968741}"
EndProject
Global
	GlobalSection(SolutionConfigurationPlatforms) = preSolution
		Debug|Any CPU = Debug|Any CPU
		Release|Any CPU = Release|Any CPU
	EndGlobalSection
	GlobalSection(ProjectConfigurationPlatforms) = postSolution
		{B4FABD83-76A8-4658-AF01-701DF7737EB7}.Debug|Any CPU.ActiveCfg = Debug|Any CPU
		{B4FABD83-76A8-4658-AF01-701DF7737EB7}.Debug|Any CPU.Build.0 = Debug|Any CPU
		{B4FABD83-76A8-4658-AF01-701DF7737EB7}.Release|Any CPU.ActiveCfg = Release|Any CPU
		{B4FABD83-76A8-4658-AF01-701DF7737EB7}.Release|Any CPU.Build.0 = Release|Any CPU
		{1E70AB31-F7D8-40D2-BE4C-4DF36E968741}.Debug|Any CPU.ActiveCfg = Debug|Any CPU
		{1E70AB31-F7D8-40D2-BE4C-4DF36E968741}.Debug|Any CPU.Build.0 = Debug|Any CPU
		{1E70AB31-F7D8-40D2-BE4C-4DF36E968741}.Release|Any CPU.ActiveCfg = Release|Any CPU
		{1E70AB31-F7D8-40D2-BE4C-4DF36E968741}.Release|Any CPU.Build.0 = Release|Any CPU
	EndGlobalSection
	GlobalSection(SolutionProperties) = preSolution
		HideSolutionNode = FALSE
	EndGlobalSection
	GlobalSection(ExtensibilityGlobals) = postSolution
		SolutionGuid = {1CE242EF-08B3-4A16-A9D1-8F79D89E7821}
	EndGlobalSection
EndGlobal
